// !$*UTF8*$!
{
	archiveVersion = 1;
	classes = {
	};
	objectVersion = 56;
	objects = {

/* Begin PBXBuildFile section */
		4D26F92629422251001A4B11 /* WICrewKit.h in Headers */ = {isa = PBXBuildFile; fileRef = 4D26F92529422251001A4B11 /* WICrewKit.h */; settings = {ATTRIBUTES = (Public, ); }; };
		4D8834212942226900B1EAAE /* WICoreKit.framework in Frameworks */ = {isa = PBXBuildFile; fileRef = 4D8834202942226900B1EAAE /* WICoreKit.framework */; };
		4D8834222942226900B1EAAE /* WICoreKit.framework in Embed Frameworks */ = {isa = PBXBuildFile; fileRef = 4D8834202942226900B1EAAE /* WICoreKit.framework */; settings = {ATTRIBUTES = (CodeSignOnCopy, RemoveHeadersOnCopy, ); }; };
		4D8834252942226B00B1EAAE /* WICoreUIKit.framework in Frameworks */ = {isa = PBXBuildFile; fileRef = 4D8834242942226B00B1EAAE /* WICoreUIKit.framework */; };
		4D8834262942226B00B1EAAE /* WICoreUIKit.framework in Embed Frameworks */ = {isa = PBXBuildFile; fileRef = 4D8834242942226B00B1EAAE /* WICoreUIKit.framework */; settings = {ATTRIBUTES = (CodeSignOnCopy, RemoveHeadersOnCopy, ); }; };
		4D8834282942227600B1EAAE /* WICrewKit.swift in Sources */ = {isa = PBXBuildFile; fileRef = 4D8834272942227600B1EAAE /* WICrewKit.swift */; };
		4D88342B294222B000B1EAAE /* CrewService.swift in Sources */ = {isa = PBXBuildFile; fileRef = 4D88342A294222B000B1EAAE /* CrewService.swift */; };
/* End PBXBuildFile section */

/* Begin PBXCopyFilesBuildPhase section */
		4D8834232942226900B1EAAE /* Embed Frameworks */ = {
			isa = PBXCopyFilesBuildPhase;
			buildActionMask = 2147483647;
			dstPath = "";
			dstSubfolderSpec = 10;
			files = (
				4D8834262942226B00B1EAAE /* WICoreUIKit.framework in Embed Frameworks */,
				4D8834222942226900B1EAAE /* WICoreKit.framework in Embed Frameworks */,
			);
			name = "Embed Frameworks";
			runOnlyForDeploymentPostprocessing = 0;
		};
/* End PBXCopyFilesBuildPhase section */

/* Begin PBXFileReference section */
		4D26F92229422251001A4B11 /* WICrewKit.framework */ = {isa = PBXFileReference; explicitFileType = wrapper.framework; includeInIndex = 0; path = WICrewKit.framework; sourceTree = BUILT_PRODUCTS_DIR; };
		4D26F92529422251001A4B11 /* WICrewKit.h */ = {isa = PBXFileReference; lastKnownFileType = sourcecode.c.h; path = WICrewKit.h; sourceTree = "<group>"; };
		4D8834202942226900B1EAAE /* WICoreKit.framework */ = {isa = PBXFileReference; explicitFileType = wrapper.framework; path = WICoreKit.framework; sourceTree = BUILT_PRODUCTS_DIR; };
		4D8834242942226B00B1EAAE /* WICoreUIKit.framework */ = {isa = PBXFileReference; explicitFileType = wrapper.framework; path = WICoreUIKit.framework; sourceTree = BUILT_PRODUCTS_DIR; };
		4D8834272942227600B1EAAE /* WICrewKit.swift */ = {isa = PBXFileReference; lastKnownFileType = sourcecode.swift; path = WICrewKit.swift; sourceTree = "<group>"; };
		4D88342A294222B000B1EAAE /* CrewService.swift */ = {isa = PBXFileReference; lastKnownFileType = sourcecode.swift; path = CrewService.swift; sourceTree = "<group>"; };
/* End PBXFileReference section */

/* Begin PBXFrameworksBuildPhase section */
		4D26F91F29422251001A4B11 /* Frameworks */ = {
			isa = PBXFrameworksBuildPhase;
			buildActionMask = 2147483647;
			files = (
				4D8834252942226B00B1EAAE /* WICoreUIKit.framework in Frameworks */,
				4D8834212942226900B1EAAE /* WICoreKit.framework in Frameworks */,
			);
			runOnlyForDeploymentPostprocessing = 0;
		};
/* End PBXFrameworksBuildPhase section */

/* Begin PBXGroup section */
		4D26F91829422251001A4B11 = {
			isa = PBXGroup;
			children = (
				4D26F92429422251001A4B11 /* WICrewKit */,
				4D26F92329422251001A4B11 /* Products */,
				4D88341F2942226900B1EAAE /* Frameworks */,
			);
			sourceTree = "<group>";
		};
		4D26F92329422251001A4B11 /* Products */ = {
			isa = PBXGroup;
			children = (
				4D26F92229422251001A4B11 /* WICrewKit.framework */,
			);
			name = Products;
			sourceTree = "<group>";
		};
		4D26F92429422251001A4B11 /* WICrewKit */ = {
			isa = PBXGroup;
			children = (
				4D88342D294222EB00B1EAAE /* Models */,
				4D883429294222A700B1EAAE /* Network */,
				4D88342C294222E600B1EAAE /* Views */,
				4D26F92529422251001A4B11 /* WICrewKit.h */,
				4D8834272942227600B1EAAE /* WICrewKit.swift */,
			);
			path = WICrewKit;
			sourceTree = "<group>";
		};
		4D88341F2942226900B1EAAE /* Frameworks */ = {
			isa = PBXGroup;
			children = (
				4D8834242942226B00B1EAAE /* WICoreUIKit.framework */,
				4D8834202942226900B1EAAE /* WICoreKit.framework */,
			);
			name = Frameworks;
			sourceTree = "<group>";
		};
		4D883429294222A700B1EAAE /* Network */ = {
			isa = PBXGroup;
			children = (
				4D88342A294222B000B1EAAE /* CrewService.swift */,
			);
			path = Network;
			sourceTree = "<group>";
		};
		4D88342C294222E600B1EAAE /* Views */ = {
			isa = PBXGroup;
			children = (
			);
			path = Views;
			sourceTree = "<group>";
		};
		4D88342D294222EB00B1EAAE /* Models */ = {
			isa = PBXGroup;
			children = (
			);
			path = Models;
			sourceTree = "<group>";
		};
/* End PBXGroup section */

/* Begin PBXHeadersBuildPhase section */
		4D26F91D29422251001A4B11 /* Headers */ = {
			isa = PBXHeadersBuildPhase;
			buildActionMask = 2147483647;
			files = (
				4D26F92629422251001A4B11 /* WICrewKit.h in Headers */,
			);
			runOnlyForDeploymentPostprocessing = 0;
		};
/* End PBXHeadersBuildPhase section */

/* Begin PBXNativeTarget section */
		4D26F92129422251001A4B11 /* WICrewKit */ = {
			isa = PBXNativeTarget;
			buildConfigurationList = 4D26F92929422251001A4B11 /* Build configuration list for PBXNativeTarget "WICrewKit" */;
			buildPhases = (
				4D26F91D29422251001A4B11 /* Headers */,
				4D26F91E29422251001A4B11 /* Sources */,
				4D26F91F29422251001A4B11 /* Frameworks */,
				4D26F92029422251001A4B11 /* Resources */,
				4D8834232942226900B1EAAE /* Embed Frameworks */,
			);
			buildRules = (
			);
			dependencies = (
			);
			name = WICrewKit;
			productName = WICrewKit;
			productReference = 4D26F92229422251001A4B11 /* WICrewKit.framework */;
			productType = "com.apple.product-type.framework";
		};
/* End PBXNativeTarget section */

/* Begin PBXProject section */
		4D26F91929422251001A4B11 /* Project object */ = {
			isa = PBXProject;
			attributes = {
				BuildIndependentTargetsInParallel = 1;
				LastUpgradeCheck = 1400;
				TargetAttributes = {
					4D26F92129422251001A4B11 = {
						CreatedOnToolsVersion = 14.0.1;
						LastSwiftMigration = 1400;
					};
				};
			};
			buildConfigurationList = 4D26F91C29422251001A4B11 /* Build configuration list for PBXProject "WICrewKit" */;
			compatibilityVersion = "Xcode 14.0";
			developmentRegion = en;
			hasScannedForEncodings = 0;
			knownRegions = (
				en,
				Base,
			);
			mainGroup = 4D26F91829422251001A4B11;
			productRefGroup = 4D26F92329422251001A4B11 /* Products */;
			projectDirPath = "";
			projectRoot = "";
			targets = (
				4D26F92129422251001A4B11 /* WICrewKit */,
			);
		};
/* End PBXProject section */

/* Begin PBXResourcesBuildPhase section */
		4D26F92029422251001A4B11 /* Resources */ = {
			isa = PBXResourcesBuildPhase;
			buildActionMask = 2147483647;
			files = (
			);
			runOnlyForDeploymentPostprocessing = 0;
		};
/* End PBXResourcesBuildPhase section */

/* Begin PBXSourcesBuildPhase section */
		4D26F91E29422251001A4B11 /* Sources */ = {
			isa = PBXSourcesBuildPhase;
			buildActionMask = 2147483647;
			files = (
				4D88342B294222B000B1EAAE /* CrewService.swift in Sources */,
				4D8834282942227600B1EAAE /* WICrewKit.swift in Sources */,
			);
			runOnlyForDeploymentPostprocessing = 0;
		};
/* End PBXSourcesBuildPhase section */

/* Begin XCBuildConfiguration section */
		4D26F92729422251001A4B11 /* Debug */ = {
			isa = XCBuildConfiguration;
			buildSettings = {
				ALWAYS_SEARCH_USER_PATHS = NO;
				CLANG_ANALYZER_NONNULL = YES;
				CLANG_ANALYZER_NUMBER_OBJECT_CONVERSION = YES_AGGRESSIVE;
				CLANG_CXX_LANGUAGE_STANDARD = "gnu++20";
				CLANG_ENABLE_MODULES = YES;
				CLANG_ENABLE_OBJC_ARC = YES;
				CLANG_ENABLE_OBJC_WEAK = YES;
				CLANG_WARN_BLOCK_CAPTURE_AUTORELEASING = YES;
				CLANG_WARN_BOOL_CONVERSION = YES;
				CLANG_WARN_COMMA = YES;
				CLANG_WARN_CONSTANT_CONVERSION = YES;
				CLANG_WARN_DEPRECATED_OBJC_IMPLEMENTATIONS = YES;
				CLANG_WARN_DIRECT_OBJC_ISA_USAGE = YES_ERROR;
				CLANG_WARN_DOCUMENTATION_COMMENTS = YES;
				CLANG_WARN_EMPTY_BODY = YES;
				CLANG_WARN_ENUM_CONVERSION = YES;
				CLANG_WARN_INFINITE_RECURSION = YES;
				CLANG_WARN_INT_CONVERSION = YES;
				CLANG_WARN_NON_LITERAL_NULL_CONVERSION = YES;
				CLANG_WARN_OBJC_IMPLICIT_RETAIN_SELF = YES;
				CLANG_WARN_OBJC_LITERAL_CONVERSION = YES;
				CLANG_WARN_OBJC_ROOT_CLASS = YES_ERROR;
				CLANG_WARN_QUOTED_INCLUDE_IN_FRAMEWORK_HEADER = YES;
				CLANG_WARN_RANGE_LOOP_ANALYSIS = YES;
				CLANG_WARN_STRICT_PROTOTYPES = YES;
				CLANG_WARN_SUSPICIOUS_MOVE = YES;
				CLANG_WARN_UNGUARDED_AVAILABILITY = YES_AGGRESSIVE;
				CLANG_WARN_UNREACHABLE_CODE = YES;
				CLANG_WARN__DUPLICATE_METHOD_MATCH = YES;
				COPY_PHASE_STRIP = NO;
				CURRENT_PROJECT_VERSION = 1;
				DEBUG_INFORMATION_FORMAT = dwarf;
				ENABLE_STRICT_OBJC_MSGSEND = YES;
				ENABLE_TESTABILITY = YES;
				GCC_C_LANGUAGE_STANDARD = gnu11;
				GCC_DYNAMIC_NO_PIC = NO;
				GCC_NO_COMMON_BLOCKS = YES;
				GCC_OPTIMIZATION_LEVEL = 0;
				GCC_PREPROCESSOR_DEFINITIONS = (
					"DEBUG=1",
					"$(inherited)",
				);
				GCC_WARN_64_TO_32_BIT_CONVERSION = YES;
				GCC_WARN_ABOUT_RETURN_TYPE = YES_ERROR;
				GCC_WARN_UNDECLARED_SELECTOR = YES;
				GCC_WARN_UNINITIALIZED_AUTOS = YES_AGGRESSIVE;
				GCC_WARN_UNUSED_FUNCTION = YES;
				GCC_WARN_UNUSED_VARIABLE = YES;
				IPHONEOS_DEPLOYMENT_TARGET = 16.0;
				MTL_ENABLE_DEBUG_INFO = INCLUDE_SOURCE;
				MTL_FAST_MATH = YES;
				ONLY_ACTIVE_ARCH = YES;
				SDKROOT = iphoneos;
				SWIFT_ACTIVE_COMPILATION_CONDITIONS = DEBUG;
				SWIFT_OPTIMIZATION_LEVEL = "-Onone";
				VERSIONING_SYSTEM = "apple-generic";
				VERSION_INFO_PREFIX = "";
			};
			name = Debug;
		};
		4D26F92829422251001A4B11 /* Release */ = {
			isa = XCBuildConfiguration;
			buildSettings = {
				ALWAYS_SEARCH_USER_PATHS = NO;
				CLANG_ANALYZER_NONNULL = YES;
				CLANG_ANALYZER_NUMBER_OBJECT_CONVERSION = YES_AGGRESSIVE;
				CLANG_CXX_LANGUAGE_STANDARD = "gnu++20";
				CLANG_ENABLE_MODULES = YES;
				CLANG_ENABLE_OBJC_ARC = YES;
				CLANG_ENABLE_OBJC_WEAK = YES;
				CLANG_WARN_BLOCK_CAPTURE_AUTORELEASING = YES;
				CLANG_WARN_BOOL_CONVERSION = YES;
				CLANG_WARN_COMMA = YES;
				CLANG_WARN_CONSTANT_CONVERSION = YES;
				CLANG_WARN_DEPRECATED_OBJC_IMPLEMENTATIONS = YES;
				CLANG_WARN_DIRECT_OBJC_ISA_USAGE = YES_ERROR;
				CLANG_WARN_DOCUMENTATION_COMMENTS = YES;
				CLANG_WARN_EMPTY_BODY = YES;
				CLANG_WARN_ENUM_CONVERSION = YES;
				CLANG_WARN_INFINITE_RECURSION = YES;
				CLANG_WARN_INT_CONVERSION = YES;
				CLANG_WARN_NON_LITERAL_NULL_CONVERSION = YES;
				CLANG_WARN_OBJC_IMPLICIT_RETAIN_SELF = YES;
				CLANG_WARN_OBJC_LITERAL_CONVERSION = YES;
				CLANG_WARN_OBJC_ROOT_CLASS = YES_ERROR;
				CLANG_WARN_QUOTED_INCLUDE_IN_FRAMEWORK_HEADER = YES;
				CLANG_WARN_RANGE_LOOP_ANALYSIS = YES;
				CLANG_WARN_STRICT_PROTOTYPES = YES;
				CLANG_WARN_SUSPICIOUS_MOVE = YES;
				CLANG_WARN_UNGUARDED_AVAILABILITY = YES_AGGRESSIVE;
				CLANG_WARN_UNREACHABLE_CODE = YES;
				CLANG_WARN__DUPLICATE_METHOD_MATCH = YES;
				COPY_PHASE_STRIP = NO;
				CURRENT_PROJECT_VERSION = 1;
				DEBUG_INFORMATION_FORMAT = "dwarf-with-dsym";
				ENABLE_NS_ASSERTIONS = NO;
				ENABLE_STRICT_OBJC_MSGSEND = YES;
				GCC_C_LANGUAGE_STANDARD = gnu11;
				GCC_NO_COMMON_BLOCKS = YES;
				GCC_WARN_64_TO_32_BIT_CONVERSION = YES;
				GCC_WARN_ABOUT_RETURN_TYPE = YES_ERROR;
				GCC_WARN_UNDECLARED_SELECTOR = YES;
				GCC_WARN_UNINITIALIZED_AUTOS = YES_AGGRESSIVE;
				GCC_WARN_UNUSED_FUNCTION = YES;
				GCC_WARN_UNUSED_VARIABLE = YES;
				IPHONEOS_DEPLOYMENT_TARGET = 16.0;
				MTL_ENABLE_DEBUG_INFO = NO;
				MTL_FAST_MATH = YES;
				SDKROOT = iphoneos;
				SWIFT_COMPILATION_MODE = wholemodule;
				SWIFT_OPTIMIZATION_LEVEL = "-O";
				VALIDATE_PRODUCT = YES;
				VERSIONING_SYSTEM = "apple-generic";
				VERSION_INFO_PREFIX = "";
			};
			name = Release;
		};
		4D26F92A29422251001A4B11 /* Debug */ = {
			isa = XCBuildConfiguration;
			buildSettings = {
				CLANG_ENABLE_MODULES = YES;
				CODE_SIGN_STYLE = Automatic;
				CURRENT_PROJECT_VERSION = 1;
				DEFINES_MODULE = YES;
				DEVELOPMENT_TEAM = P957785596;
				DYLIB_COMPATIBILITY_VERSION = 1;
				DYLIB_CURRENT_VERSION = 1;
				DYLIB_INSTALL_NAME_BASE = "@rpath";
				GENERATE_INFOPLIST_FILE = YES;
				INFOPLIST_KEY_NSHumanReadableCopyright = "";
				INSTALL_PATH = "$(LOCAL_LIBRARY_DIR)/Frameworks";
				IPHONEOS_DEPLOYMENT_TARGET = 14.0;
				LD_RUNPATH_SEARCH_PATHS = (
					"$(inherited)",
					"@executable_path/Frameworks",
					"@loader_path/Frameworks",
				);
				MARKETING_VERSION = 1.0;
				PRODUCT_BUNDLE_IDENTIFIER = com.artes.WICrewKit;
				PRODUCT_NAME = "$(TARGET_NAME:c99extidentifier)";
				SKIP_INSTALL = YES;
				SWIFT_EMIT_LOC_STRINGS = YES;
				SWIFT_OPTIMIZATION_LEVEL = "-Onone";
				SWIFT_VERSION = 5.0;
				TARGETED_DEVICE_FAMILY = "1,2";
			};
			name = Debug;
		};
		4D26F92B29422251001A4B11 /* Release */ = {
			isa = XCBuildConfiguration;
			buildSettings = {
				CLANG_ENABLE_MODULES = YES;
				CODE_SIGN_STYLE = Automatic;
				CURRENT_PROJECT_VERSION = 1;
				DEFINES_MODULE = YES;
				DEVELOPMENT_TEAM = P957785596;
				DYLIB_COMPATIBILITY_VERSION = 1;
				DYLIB_CURRENT_VERSION = 1;
				DYLIB_INSTALL_NAME_BASE = "@rpath";
				GENERATE_INFOPLIST_FILE = YES;
				INFOPLIST_KEY_NSHumanReadableCopyright = "";
				INSTALL_PATH = "$(LOCAL_LIBRARY_DIR)/Frameworks";
				IPHONEOS_DEPLOYMENT_TARGET = 14.0;
				LD_RUNPATH_SEARCH_PATHS = (
					"$(inherited)",
					"@executable_path/Frameworks",
					"@loader_path/Frameworks",
				);
				MARKETING_VERSION = 1.0;
				PRODUCT_BUNDLE_IDENTIFIER = com.artes.WICrewKit;
				PRODUCT_NAME = "$(TARGET_NAME:c99extidentifier)";
				SKIP_INSTALL = YES;
				SWIFT_EMIT_LOC_STRINGS = YES;
				SWIFT_VERSION = 5.0;
				TARGETED_DEVICE_FAMILY = "1,2";
			};
			name = Release;
		};
/* End XCBuildConfiguration section */

/* Begin XCConfigurationList section */
		4D26F91C29422251001A4B11 /* Build configuration list for PBXProject "WICrewKit" */ = {
			isa = XCConfigurationList;
			buildConfigurations = (
				4D26F92729422251001A4B11 /* Debug */,
				4D26F92829422251001A4B11 /* Release */,
			);
			defaultConfigurationIsVisible = 0;
			defaultConfigurationName = Release;
		};
		4D26F92929422251001A4B11 /* Build configuration list for PBXNativeTarget "WICrewKit" */ = {
			isa = XCConfigurationList;
			buildConfigurations = (
				4D26F92A29422251001A4B11 /* Debug */,
				4D26F92B29422251001A4B11 /* Release */,
			);
			defaultConfigurationIsVisible = 0;
			defaultConfigurationName = Release;
		};
/* End XCConfigurationList section */
	};
	rootObject = 4D26F91929422251001A4B11 /* Project object */;
}
